
Microsoft Visual Studio Solution File, Format Version 12.00
# Visual Studio 15
VisualStudioVersion = 15.0.26730.15
MinimumVisualStudioVersion = 10.0.40219.1
Project("{FAE04EC0-301F-11D3-BF4B-00C04F79EFBC}") = "Student", "Student\Student.csproj", "{58D8525A-D660-4292-9583-9921ADAC4948}"
EndProject
Global
	GlobalSection(SolutionConfigurationPlatforms) = preSolution
		Debug|Any CPU = Debug|Any CPU
		Release|Any CPU = Release|Any CPU
	EndGlobalSection
	GlobalSection(ProjectConfigurationPlatforms) = postSolution
		{58D8525A-D660-4292-9583-9921ADAC4948}.Debug|Any CPU.ActiveCfg = Debug|Any CPU
		{58D8525A-D660-4292-9583-9921ADAC4948}.Debug|Any CPU.Build.0 = Debug|Any CPU
		{58D8525A-D660-4292-9583-9921ADAC4948}.Release|Any CPU.ActiveCfg = Release|Any CPU
		{58D8525A-D660-4292-9583-9921ADAC4948}.Release|Any CPU.Build.0 = Release|Any CPU
	EndGlobalSection
	GlobalSection(SolutionProperties) = preSolution
		HideSolutionNode = FALSE
	EndGlobalSection
	GlobalSection(ExtensibilityGlobals) = postSolution
		SolutionGuid = {7136850A-1E77-4558-9A96-78668FD11F74}
	EndGlobalSection
EndGlobal
